
Microsoft Visual Studio Solution File, Format Version 12.00
# Visual Studio Version 17
VisualStudioVersion = 17.1.32210.238
MinimumVisualStudioVersion = 10.0.40219.1
Project("{FAE04EC0-301F-11D3-BF4B-00C04F79EFBC}") = "MathTask2", "MathTask2\MathTask2.csproj", "{A519B1CF-7F96-47BC-84DF-42BC4B502C9F}"
EndProject
Global
	GlobalSection(SolutionConfigurationPlatforms) = preSolution
		Debug|Any CPU = Debug|Any CPU
		Release|Any CPU = Release|Any CPU
	EndGlobalSection
	GlobalSection(ProjectConfigurationPlatforms) = postSolution
		{A519B1CF-7F96-47BC-84DF-42BC4B502C9F}.Debug|Any CPU.ActiveCfg = Debug|Any CPU
		{A519B1CF-7F96-47BC-84DF-42BC4B502C9F}.Debug|Any CPU.Build.0 = Debug|Any CPU
		{A519B1CF-7F96-47BC-84DF-42BC4B502C9F}.Release|Any CPU.ActiveCfg = Release|Any CPU
		{A519B1CF-7F96-47BC-84DF-42BC4B502C9F}.Release|Any CPU.Build.0 = Release|Any CPU
	EndGlobalSection
	GlobalSection(SolutionProperties) = preSolution
		HideSolutionNode = FALSE
	EndGlobalSection
	GlobalSection(ExtensibilityGlobals) = postSolution
		SolutionGuid = {3488AA79-BCEA-4DC3-B69E-6CFBB6BAE37A}
	EndGlobalSection
EndGlobal
